<?xml version="1.0" encoding="utf-8"?>
<Project ToolsVersion="4.0" xmlns="http://schemas.microsoft.com/developer/msbuild/2003">
  <ItemGroup>
    <ClCompile Include="Game.cpp">
      <Filter>Source files</Filter>
    </ClCompile>
    <ClCompile Include="GameManager.cpp">
      <Filter>Source files</Filter>
    </ClCompile>
    <ClCompile Include="InputHandler.cpp">
      <Filter>Source files</Filter>
    </ClCompile>
    <ClCompile Include="Source.cpp">
      <Filter>Source files</Filter>
    </ClCompile>
  </ItemGroup>
  <ItemGroup>
    <ClInclude Include="ECS.h">
      <Filter>Header files</Filter>
    </ClInclude>
    <ClInclude Include="ECS_Components.h">
      <Filter>Header files</Filter>
    </ClInclude>
    <ClInclude Include="ECS_Systems.h">
      <Filter>Header files</Filter>
    </ClInclude>
    <ClInclude Include="Game.h">
      <Filter>Header files</Filter>
    </ClInclude>
    <ClInclude Include="GameManager.h">
      <Filter>Header files</Filter>
    </ClInclude>
    <ClInclude Include="InputHandler.h">
      <Filter>Header files</Filter>
    </ClInclude>
    <ClInclude Include="ManagerConstants.h">
      <Filter>Header files</Filter>
    </ClInclude>
  </ItemGroup>
  <ItemGroup>
    <Filter Include="Header files">
      <UniqueIdentifier>{761bfb1b-cc78-484e-8da0-46ee2620f2e1}</UniqueIdentifier>
    </Filter>
    <Filter Include="Source files">
      <UniqueIdentifier>{3da0e786-fbd4-4c21-92b9-40b4979802ee}</UniqueIdentifier>
    </Filter>
  </ItemGroup>
</Project>